
Microsoft Visual Studio Solution File, Format Version 12.00
# Visual Studio Version 17
VisualStudioVersion = 17.1.32421.90
MinimumVisualStudioVersion = 10.0.40219.1
Project("{FAE04EC0-301F-11D3-BF4B-00C04F79EFBC}") = "Question 1", "ConsoleApp2\Question 1.csproj", "{F76F582E-BC41-4683-9F93-87D3EFD1EC89}"
EndProject
Project("{FAE04EC0-301F-11D3-BF4B-00C04F79EFBC}") = "Question 2", "Question 2\Question 2.csproj", "{E98FED07-0D05-4A6A-99BA-1557BDC47946}"
EndProject
Project("{FAE04EC0-301F-11D3-BF4B-00C04F79EFBC}") = "Question 3", "Question 3\Question 3.csproj", "{05C73A32-2A3F-4597-B42E-E9EDFF57D0F2}"
EndProject
Project("{FAE04EC0-301F-11D3-BF4B-00C04F79EFBC}") = "Question 4", "Question 4\Question 4.csproj", "{B6EB9FEA-E659-4BDD-B4C9-810A073A673D}"
EndProject
Project("{FAE04EC0-301F-11D3-BF4B-00C04F79EFBC}") = "Question 5", "Question 5\Question 5.csproj", "{38ABE1E9-BA08-4B1C-AF65-CE0D9A12E42C}"
EndProject
Global
	GlobalSection(SolutionConfigurationPlatforms) = preSolution
		Debug|Any CPU = Debug|Any CPU
		Release|Any CPU = Release|Any CPU
	EndGlobalSection
	GlobalSection(ProjectConfigurationPlatforms) = postSolution
		{F76F582E-BC41-4683-9F93-87D3EFD1EC89}.Debug|Any CPU.ActiveCfg = Debug|Any CPU
		{F76F582E-BC41-4683-9F93-87D3EFD1EC89}.Debug|Any CPU.Build.0 = Debug|Any CPU
		{F76F582E-BC41-4683-9F93-87D3EFD1EC89}.Release|Any CPU.ActiveCfg = Release|Any CPU
		{F76F582E-BC41-4683-9F93-87D3EFD1EC89}.Release|Any CPU.Build.0 = Release|Any CPU
		{E98FED07-0D05-4A6A-99BA-1557BDC47946}.Debug|Any CPU.ActiveCfg = Debug|Any CPU
		{E98FED07-0D05-4A6A-99BA-1557BDC47946}.Debug|Any CPU.Build.0 = Debug|Any CPU
		{E98FED07-0D05-4A6A-99BA-1557BDC47946}.Release|Any CPU.ActiveCfg = Release|Any CPU
		{E98FED07-0D05-4A6A-99BA-1557BDC47946}.Release|Any CPU.Build.0 = Release|Any CPU
		{05C73A32-2A3F-4597-B42E-E9EDFF57D0F2}.Debug|Any CPU.ActiveCfg = Debug|Any CPU
		{05C73A32-2A3F-4597-B42E-E9EDFF57D0F2}.Debug|Any CPU.Build.0 = Debug|Any CPU
		{05C73A32-2A3F-4597-B42E-E9EDFF57D0F2}.Release|Any CPU.ActiveCfg = Release|Any CPU
		{05C73A32-2A3F-4597-B42E-E9EDFF57D0F2}.Release|Any CPU.Build.0 = Release|Any CPU
		{B6EB9FEA-E659-4BDD-B4C9-810A073A673D}.Debug|Any CPU.ActiveCfg = Debug|Any CPU
		{B6EB9FEA-E659-4BDD-B4C9-810A073A673D}.Debug|Any CPU.Build.0 = Debug|Any CPU
		{B6EB9FEA-E659-4BDD-B4C9-810A073A673D}.Release|Any CPU.ActiveCfg = Release|Any CPU
		{B6EB9FEA-E659-4BDD-B4C9-810A073A673D}.Release|Any CPU.Build.0 = Release|Any CPU
		{38ABE1E9-BA08-4B1C-AF65-CE0D9A12E42C}.Debug|Any CPU.ActiveCfg = Debug|Any CPU
		{38ABE1E9-BA08-4B1C-AF65-CE0D9A12E42C}.Debug|Any CPU.Build.0 = Debug|Any CPU
		{38ABE1E9-BA08-4B1C-AF65-CE0D9A12E42C}.Release|Any CPU.ActiveCfg = Release|Any CPU
		{38ABE1E9-BA08-4B1C-AF65-CE0D9A12E42C}.Release|Any CPU.Build.0 = Release|Any CPU
	EndGlobalSection
	GlobalSection(SolutionProperties) = preSolution
		HideSolutionNode = FALSE
	EndGlobalSection
	GlobalSection(ExtensibilityGlobals) = postSolution
		SolutionGuid = {6A0F897B-380D-48B2-80F0-3C0D49C9518E}
	EndGlobalSection
EndGlobal
